
Microsoft Visual Studio Solution File, Format Version 12.00
# Visual Studio Version 17
VisualStudioVersion = 17.0.31903.59
MinimumVisualStudioVersion = 10.0.40219.1
Project("{FAE04EC0-301F-11D3-BF4B-00C04F79EFBC}") = "Day1", "Day1\Day1.csproj", "{33A6D554-9A89-4E1A-8FD0-9FC35096A2F2}"
EndProject
Project("{FAE04EC0-301F-11D3-BF4B-00C04F79EFBC}") = "Day2", "Day2\Day2.csproj", "{7EC1EC5D-7320-4AF5-811F-BB08D538E489}"
EndProject
Project("{FAE04EC0-301F-11D3-BF4B-00C04F79EFBC}") = "Day3", "Day3\Day3.csproj", "{11F2BB42-6289-428E-A162-B475EAF915C1}"
EndProject
Project("{FAE04EC0-301F-11D3-BF4B-00C04F79EFBC}") = "Day4", "Day4\Day4.csproj", "{DCEE2F5F-2A9A-4F80-9DFD-FE81336B7C25}"
EndProject
Project("{FAE04EC0-301F-11D3-BF4B-00C04F79EFBC}") = "Day5", "Day5\Day5.csproj", "{B0C18C5E-6DD7-44C7-B77E-EED7726EE792}"
EndProject
Global
	GlobalSection(SolutionProperties) = preSolution
		HideSolutionNode = FALSE
	EndGlobalSection
	GlobalSection(SolutionConfigurationPlatforms) = preSolution
		Debug|Any CPU = Debug|Any CPU
		Debug|x64 = Debug|x64
		Debug|x86 = Debug|x86
		Release|Any CPU = Release|Any CPU
		Release|x64 = Release|x64
		Release|x86 = Release|x86
	EndGlobalSection
	GlobalSection(ProjectConfigurationPlatforms) = postSolution
		{33A6D554-9A89-4E1A-8FD0-9FC35096A2F2}.Debug|Any CPU.ActiveCfg = Debug|Any CPU
		{33A6D554-9A89-4E1A-8FD0-9FC35096A2F2}.Debug|Any CPU.Build.0 = Debug|Any CPU
		{33A6D554-9A89-4E1A-8FD0-9FC35096A2F2}.Debug|x64.ActiveCfg = Debug|Any CPU
		{33A6D554-9A89-4E1A-8FD0-9FC35096A2F2}.Debug|x64.Build.0 = Debug|Any CPU
		{33A6D554-9A89-4E1A-8FD0-9FC35096A2F2}.Debug|x86.ActiveCfg = Debug|Any CPU
		{33A6D554-9A89-4E1A-8FD0-9FC35096A2F2}.Debug|x86.Build.0 = Debug|Any CPU
		{33A6D554-9A89-4E1A-8FD0-9FC35096A2F2}.Release|Any CPU.ActiveCfg = Release|Any CPU
		{33A6D554-9A89-4E1A-8FD0-9FC35096A2F2}.Release|Any CPU.Build.0 = Release|Any CPU
		{33A6D554-9A89-4E1A-8FD0-9FC35096A2F2}.Release|x64.ActiveCfg = Release|Any CPU
		{33A6D554-9A89-4E1A-8FD0-9FC35096A2F2}.Release|x64.Build.0 = Release|Any CPU
		{33A6D554-9A89-4E1A-8FD0-9FC35096A2F2}.Release|x86.ActiveCfg = Release|Any CPU
		{33A6D554-9A89-4E1A-8FD0-9FC35096A2F2}.Release|x86.Build.0 = Release|Any CPU
		{7EC1EC5D-7320-4AF5-811F-BB08D538E489}.Debug|Any CPU.ActiveCfg = Debug|Any CPU
		{7EC1EC5D-7320-4AF5-811F-BB08D538E489}.Debug|Any CPU.Build.0 = Debug|Any CPU
		{7EC1EC5D-7320-4AF5-811F-BB08D538E489}.Debug|x64.ActiveCfg = Debug|Any CPU
		{7EC1EC5D-7320-4AF5-811F-BB08D538E489}.Debug|x64.Build.0 = Debug|Any CPU
		{7EC1EC5D-7320-4AF5-811F-BB08D538E489}.Debug|x86.ActiveCfg = Debug|Any CPU
		{7EC1EC5D-7320-4AF5-811F-BB08D538E489}.Debug|x86.Build.0 = Debug|Any CPU
		{7EC1EC5D-7320-4AF5-811F-BB08D538E489}.Release|Any CPU.ActiveCfg = Release|Any CPU
		{7EC1EC5D-7320-4AF5-811F-BB08D538E489}.Release|Any CPU.Build.0 = Release|Any CPU
		{7EC1EC5D-7320-4AF5-811F-BB08D538E489}.Release|x64.ActiveCfg = Release|Any CPU
		{7EC1EC5D-7320-4AF5-811F-BB08D538E489}.Release|x64.Build.0 = Release|Any CPU
		{7EC1EC5D-7320-4AF5-811F-BB08D538E489}.Release|x86.ActiveCfg = Release|Any CPU
		{7EC1EC5D-7320-4AF5-811F-BB08D538E489}.Release|x86.Build.0 = Release|Any CPU
		{11F2BB42-6289-428E-A162-B475EAF915C1}.Debug|Any CPU.ActiveCfg = Debug|Any CPU
		{11F2BB42-6289-428E-A162-B475EAF915C1}.Debug|Any CPU.Build.0 = Debug|Any CPU
		{11F2BB42-6289-428E-A162-B475EAF915C1}.Debug|x64.ActiveCfg = Debug|Any CPU
		{11F2BB42-6289-428E-A162-B475EAF915C1}.Debug|x64.Build.0 = Debug|Any CPU
		{11F2BB42-6289-428E-A162-B475EAF915C1}.Debug|x86.ActiveCfg = Debug|Any CPU
		{11F2BB42-6289-428E-A162-B475EAF915C1}.Debug|x86.Build.0 = Debug|Any CPU
		{11F2BB42-6289-428E-A162-B475EAF915C1}.Release|Any CPU.ActiveCfg = Release|Any CPU
		{11F2BB42-6289-428E-A162-B475EAF915C1}.Release|Any CPU.Build.0 = Release|Any CPU
		{11F2BB42-6289-428E-A162-B475EAF915C1}.Release|x64.ActiveCfg = Release|Any CPU
		{11F2BB42-6289-428E-A162-B475EAF915C1}.Release|x64.Build.0 = Release|Any CPU
		{11F2BB42-6289-428E-A162-B475EAF915C1}.Release|x86.ActiveCfg = Release|Any CPU
		{11F2BB42-6289-428E-A162-B475EAF915C1}.Release|x86.Build.0 = Release|Any CPU
		{DCEE2F5F-2A9A-4F80-9DFD-FE81336B7C25}.Debug|Any CPU.ActiveCfg = Debug|Any CPU
		{DCEE2F5F-2A9A-4F80-9DFD-FE81336B7C25}.Debug|Any CPU.Build.0 = Debug|Any CPU
		{DCEE2F5F-2A9A-4F80-9DFD-FE81336B7C25}.Debug|x64.ActiveCfg = Debug|Any CPU
		{DCEE2F5F-2A9A-4F80-9DFD-FE81336B7C25}.Debug|x64.Build.0 = Debug|Any CPU
		{DCEE2F5F-2A9A-4F80-9DFD-FE81336B7C25}.Debug|x86.ActiveCfg = Debug|Any CPU
		{DCEE2F5F-2A9A-4F80-9DFD-FE81336B7C25}.Debug|x86.Build.0 = Debug|Any CPU
		{DCEE2F5F-2A9A-4F80-9DFD-FE81336B7C25}.Release|Any CPU.ActiveCfg = Release|Any CPU
		{DCEE2F5F-2A9A-4F80-9DFD-FE81336B7C25}.Release|Any CPU.Build.0 = Release|Any CPU
		{DCEE2F5F-2A9A-4F80-9DFD-FE81336B7C25}.Release|x64.ActiveCfg = Release|Any CPU
		{DCEE2F5F-2A9A-4F80-9DFD-FE81336B7C25}.Release|x64.Build.0 = Release|Any CPU
		{DCEE2F5F-2A9A-4F80-9DFD-FE81336B7C25}.Release|x86.ActiveCfg = Release|Any CPU
		{DCEE2F5F-2A9A-4F80-9DFD-FE81336B7C25}.Release|x86.Build.0 = Release|Any CPU
		{B0C18C5E-6DD7-44C7-B77E-EED7726EE792}.Debug|Any CPU.ActiveCfg = Debug|Any CPU
		{B0C18C5E-6DD7-44C7-B77E-EED7726EE792}.Debug|Any CPU.Build.0 = Debug|Any CPU
		{B0C18C5E-6DD7-44C7-B77E-EED7726EE792}.Debug|x64.ActiveCfg = Debug|Any CPU
		{B0C18C5E-6DD7-44C7-B77E-EED7726EE792}.Debug|x64.Build.0 = Debug|Any CPU
		{B0C18C5E-6DD7-44C7-B77E-EED7726EE792}.Debug|x86.ActiveCfg = Debug|Any CPU
		{B0C18C5E-6DD7-44C7-B77E-EED7726EE792}.Debug|x86.Build.0 = Debug|Any CPU
		{B0C18C5E-6DD7-44C7-B77E-EED7726EE792}.Release|Any CPU.ActiveCfg = Release|Any CPU
		{B0C18C5E-6DD7-44C7-B77E-EED7726EE792}.Release|Any CPU.Build.0 = Release|Any CPU
		{B0C18C5E-6DD7-44C7-B77E-EED7726EE792}.Release|x64.ActiveCfg = Release|Any CPU
		{B0C18C5E-6DD7-44C7-B77E-EED7726EE792}.Release|x64.Build.0 = Release|Any CPU
		{B0C18C5E-6DD7-44C7-B77E-EED7726EE792}.Release|x86.ActiveCfg = Release|Any CPU
		{B0C18C5E-6DD7-44C7-B77E-EED7726EE792}.Release|x86.Build.0 = Release|Any CPU
	EndGlobalSection
EndGlobal
