
Microsoft Visual Studio Solution File, Format Version 12.00
# Visual Studio Version 17
VisualStudioVersion = 17.0.31903.59
MinimumVisualStudioVersion = 10.0.40219.1
Project("{FAE04EC0-301F-11D3-BF4B-00C04F79EFBC}") = "Day1", "Day1\Day1.csproj", "{33A6D554-9A89-4E1A-8FD0-9FC35096A2F2}"
EndProject
Project("{FAE04EC0-301F-11D3-BF4B-00C04F79EFBC}") = "Day2", "Day2\Day2.csproj", "{7EC1EC5D-7320-4AF5-811F-BB08D538E489}"
EndProject
Project("{FAE04EC0-301F-11D3-BF4B-00C04F79EFBC}") = "Day3", "Day3\Day3.csproj", "{11F2BB42-6289-428E-A162-B475EAF915C1}"
EndProject
Project("{FAE04EC0-301F-11D3-BF4B-00C04F79EFBC}") = "Day4", "Day4\Day4.csproj", "{DCEE2F5F-2A9A-4F80-9DFD-FE81336B7C25}"
EndProject
Project("{FAE04EC0-301F-11D3-BF4B-00C04F79EFBC}") = "Day5", "Day5\Day5.csproj", "{B0C18C5E-6DD7-44C7-B77E-EED7726EE792}"
EndProject
Project("{FAE04EC0-301F-11D3-BF4B-00C04F79EFBC}") = "Day6", "Day6\Day6.csproj", "{C24F92F7-4A54-4AAE-BDA0-9CAD1AF6C40E}"
EndProject
Project("{FAE04EC0-301F-11D3-BF4B-00C04F79EFBC}") = "Day7", "Day7\Day7.csproj", "{F1E6EB77-7018-4C37-881A-573F7975C2BB}"
EndProject
Project("{FAE04EC0-301F-11D3-BF4B-00C04F79EFBC}") = "Day8", "Day8\Day8.csproj", "{D24CF9FD-0CD3-4F92-8FBA-0EBD18BDAC10}"
EndProject
Project("{FAE04EC0-301F-11D3-BF4B-00C04F79EFBC}") = "Day9", "Day9\Day9.csproj", "{9ACB054B-CEA1-4951-96B6-C9E9ED2AE9C4}"
EndProject
Project("{FAE04EC0-301F-11D3-BF4B-00C04F79EFBC}") = "Day10", "Day10\Day10.csproj", "{051785F5-A394-4C06-871A-10B9608A4A2B}"
EndProject
Project("{FAE04EC0-301F-11D3-BF4B-00C04F79EFBC}") = "Day11", "Day11\Day11.csproj", "{47AE4E98-FADC-415E-A820-1CE60BED2EF6}"
EndProject
Project("{FAE04EC0-301F-11D3-BF4B-00C04F79EFBC}") = "Day12", "Day12\Day12.csproj", "{2DFA9F37-B28D-40BE-B1DF-CB83FB1499F1}"
EndProject
Project("{FAE04EC0-301F-11D3-BF4B-00C04F79EFBC}") = "Day13", "Day13\Day13.csproj", "{67848493-4FEF-47B9-9417-4379901887E0}"
EndProject
Project("{FAE04EC0-301F-11D3-BF4B-00C04F79EFBC}") = "Day14", "Day14\Day14.csproj", "{C04AE965-7A3D-43F6-98AB-8CBFA7149EE6}"
EndProject
Global
	GlobalSection(SolutionProperties) = preSolution
		HideSolutionNode = FALSE
	EndGlobalSection
	GlobalSection(SolutionConfigurationPlatforms) = preSolution
		Debug|Any CPU = Debug|Any CPU
		Release|Any CPU = Release|Any CPU
	EndGlobalSection
	GlobalSection(ProjectConfigurationPlatforms) = postSolution
		{33A6D554-9A89-4E1A-8FD0-9FC35096A2F2}.Debug|Any CPU.ActiveCfg = Debug|Any CPU
		{33A6D554-9A89-4E1A-8FD0-9FC35096A2F2}.Debug|Any CPU.Build.0 = Debug|Any CPU
		{33A6D554-9A89-4E1A-8FD0-9FC35096A2F2}.Release|Any CPU.ActiveCfg = Release|Any CPU
		{33A6D554-9A89-4E1A-8FD0-9FC35096A2F2}.Release|Any CPU.Build.0 = Release|Any CPU
		{7EC1EC5D-7320-4AF5-811F-BB08D538E489}.Debug|Any CPU.ActiveCfg = Debug|Any CPU
		{7EC1EC5D-7320-4AF5-811F-BB08D538E489}.Debug|Any CPU.Build.0 = Debug|Any CPU
		{7EC1EC5D-7320-4AF5-811F-BB08D538E489}.Release|Any CPU.ActiveCfg = Release|Any CPU
		{7EC1EC5D-7320-4AF5-811F-BB08D538E489}.Release|Any CPU.Build.0 = Release|Any CPU
		{11F2BB42-6289-428E-A162-B475EAF915C1}.Debug|Any CPU.ActiveCfg = Debug|Any CPU
		{11F2BB42-6289-428E-A162-B475EAF915C1}.Debug|Any CPU.Build.0 = Debug|Any CPU
		{11F2BB42-6289-428E-A162-B475EAF915C1}.Release|Any CPU.ActiveCfg = Release|Any CPU
		{11F2BB42-6289-428E-A162-B475EAF915C1}.Release|Any CPU.Build.0 = Release|Any CPU
		{DCEE2F5F-2A9A-4F80-9DFD-FE81336B7C25}.Debug|Any CPU.ActiveCfg = Debug|Any CPU
		{DCEE2F5F-2A9A-4F80-9DFD-FE81336B7C25}.Debug|Any CPU.Build.0 = Debug|Any CPU
		{DCEE2F5F-2A9A-4F80-9DFD-FE81336B7C25}.Release|Any CPU.ActiveCfg = Release|Any CPU
		{DCEE2F5F-2A9A-4F80-9DFD-FE81336B7C25}.Release|Any CPU.Build.0 = Release|Any CPU
		{B0C18C5E-6DD7-44C7-B77E-EED7726EE792}.Debug|Any CPU.ActiveCfg = Debug|Any CPU
		{B0C18C5E-6DD7-44C7-B77E-EED7726EE792}.Debug|Any CPU.Build.0 = Debug|Any CPU
		{B0C18C5E-6DD7-44C7-B77E-EED7726EE792}.Release|Any CPU.ActiveCfg = Release|Any CPU
		{B0C18C5E-6DD7-44C7-B77E-EED7726EE792}.Release|Any CPU.Build.0 = Release|Any CPU
		{C24F92F7-4A54-4AAE-BDA0-9CAD1AF6C40E}.Debug|Any CPU.ActiveCfg = Debug|Any CPU
		{C24F92F7-4A54-4AAE-BDA0-9CAD1AF6C40E}.Debug|Any CPU.Build.0 = Debug|Any CPU
		{C24F92F7-4A54-4AAE-BDA0-9CAD1AF6C40E}.Release|Any CPU.ActiveCfg = Release|Any CPU
		{C24F92F7-4A54-4AAE-BDA0-9CAD1AF6C40E}.Release|Any CPU.Build.0 = Release|Any CPU
		{F1E6EB77-7018-4C37-881A-573F7975C2BB}.Debug|Any CPU.ActiveCfg = Debug|Any CPU
		{F1E6EB77-7018-4C37-881A-573F7975C2BB}.Debug|Any CPU.Build.0 = Debug|Any CPU
		{F1E6EB77-7018-4C37-881A-573F7975C2BB}.Release|Any CPU.ActiveCfg = Release|Any CPU
		{F1E6EB77-7018-4C37-881A-573F7975C2BB}.Release|Any CPU.Build.0 = Release|Any CPU
		{D24CF9FD-0CD3-4F92-8FBA-0EBD18BDAC10}.Debug|Any CPU.ActiveCfg = Debug|Any CPU
		{D24CF9FD-0CD3-4F92-8FBA-0EBD18BDAC10}.Debug|Any CPU.Build.0 = Debug|Any CPU
		{D24CF9FD-0CD3-4F92-8FBA-0EBD18BDAC10}.Release|Any CPU.ActiveCfg = Release|Any CPU
		{D24CF9FD-0CD3-4F92-8FBA-0EBD18BDAC10}.Release|Any CPU.Build.0 = Release|Any CPU
		{9ACB054B-CEA1-4951-96B6-C9E9ED2AE9C4}.Debug|Any CPU.ActiveCfg = Debug|Any CPU
		{9ACB054B-CEA1-4951-96B6-C9E9ED2AE9C4}.Debug|Any CPU.Build.0 = Debug|Any CPU
		{9ACB054B-CEA1-4951-96B6-C9E9ED2AE9C4}.Release|Any CPU.ActiveCfg = Release|Any CPU
		{9ACB054B-CEA1-4951-96B6-C9E9ED2AE9C4}.Release|Any CPU.Build.0 = Release|Any CPU
		{051785F5-A394-4C06-871A-10B9608A4A2B}.Debug|Any CPU.ActiveCfg = Debug|Any CPU
		{051785F5-A394-4C06-871A-10B9608A4A2B}.Debug|Any CPU.Build.0 = Debug|Any CPU
		{051785F5-A394-4C06-871A-10B9608A4A2B}.Release|Any CPU.ActiveCfg = Release|Any CPU
		{051785F5-A394-4C06-871A-10B9608A4A2B}.Release|Any CPU.Build.0 = Release|Any CPU
		{47AE4E98-FADC-415E-A820-1CE60BED2EF6}.Debug|Any CPU.ActiveCfg = Debug|Any CPU
		{47AE4E98-FADC-415E-A820-1CE60BED2EF6}.Debug|Any CPU.Build.0 = Debug|Any CPU
		{47AE4E98-FADC-415E-A820-1CE60BED2EF6}.Release|Any CPU.ActiveCfg = Release|Any CPU
		{47AE4E98-FADC-415E-A820-1CE60BED2EF6}.Release|Any CPU.Build.0 = Release|Any CPU
		{2DFA9F37-B28D-40BE-B1DF-CB83FB1499F1}.Debug|Any CPU.ActiveCfg = Debug|Any CPU
		{2DFA9F37-B28D-40BE-B1DF-CB83FB1499F1}.Debug|Any CPU.Build.0 = Debug|Any CPU
		{2DFA9F37-B28D-40BE-B1DF-CB83FB1499F1}.Release|Any CPU.ActiveCfg = Release|Any CPU
		{2DFA9F37-B28D-40BE-B1DF-CB83FB1499F1}.Release|Any CPU.Build.0 = Release|Any CPU
		{67848493-4FEF-47B9-9417-4379901887E0}.Debug|Any CPU.ActiveCfg = Debug|Any CPU
		{67848493-4FEF-47B9-9417-4379901887E0}.Debug|Any CPU.Build.0 = Debug|Any CPU
		{67848493-4FEF-47B9-9417-4379901887E0}.Release|Any CPU.ActiveCfg = Release|Any CPU
		{67848493-4FEF-47B9-9417-4379901887E0}.Release|Any CPU.Build.0 = Release|Any CPU
		{C04AE965-7A3D-43F6-98AB-8CBFA7149EE6}.Debug|Any CPU.ActiveCfg = Debug|Any CPU
		{C04AE965-7A3D-43F6-98AB-8CBFA7149EE6}.Debug|Any CPU.Build.0 = Debug|Any CPU
		{C04AE965-7A3D-43F6-98AB-8CBFA7149EE6}.Release|Any CPU.ActiveCfg = Release|Any CPU
		{C04AE965-7A3D-43F6-98AB-8CBFA7149EE6}.Release|Any CPU.Build.0 = Release|Any CPU
	EndGlobalSection
EndGlobal
